
Microsoft Visual Studio Solution File, Format Version 12.00
# Visual Studio 14
VisualStudioVersion = 14.0.23107.0
MinimumVisualStudioVersion = 10.0.40219.1
Project("{8BC9CEB8-8B4A-11D0-8D11-00A0C91BC942}") = "DSA", "DSA\DSA.vcxproj", "{A9EEBACE-70A2-4570-B049-F63E4FA8AF9B}"
EndProject
Project("{8BC9CEB8-8B4A-11D0-8D11-00A0C91BC942}") = "Zuma", "Zuma\Zuma.vcxproj", "{945D0BCA-FB39-4D82-8981-258E378B97C6}"
EndProject
Project("{8BC9CEB8-8B4A-11D0-8D11-00A0C91BC942}") = "Tunel", "Tunel\Tunel.vcxproj", "{1D89E148-ED04-49EA-83A4-4AD38E9E78C0}"
EndProject
Project("{8BC9CEB8-8B4A-11D0-8D11-00A0C91BC942}") = "Train", "Train\Train.vcxproj", "{561F40D8-E30B-498B-8E03-F14166774565}"
EndProject
Project("{8BC9CEB8-8B4A-11D0-8D11-00A0C91BC942}") = "Range", "Range\Range.vcxproj", "{0638748A-CE53-4E10-9E79-AAC07F7966B9}"
EndProject
Project("{8BC9CEB8-8B4A-11D0-8D11-00A0C91BC942}") = "Rebuild", "Rebuild\Rebuild.vcxproj", "{767121C5-C359-4B07-9FBB-AF1783C11E4F}"
EndProject
Project("{8BC9CEB8-8B4A-11D0-8D11-00A0C91BC942}") = "MaxSeq", "MaxSeq\MaxSeq.vcxproj", "{B6208BA0-AFBF-4C85-B385-F7DEA3E7560C}"
EndProject
Project("{8BC9CEB8-8B4A-11D0-8D11-00A0C91BC942}") = "LightHouse", "LightHouse\LightHouse.vcxproj", "{443291C4-4327-442C-B0E8-7E0F6A687DFE}"
EndProject
Project("{8BC9CEB8-8B4A-11D0-8D11-00A0C91BC942}") = "Reverse", "Reverse\Reverse.vcxproj", "{C251CDC0-D986-45F6-83D9-43061D2E13EF}"
EndProject
Project("{8BC9CEB8-8B4A-11D0-8D11-00A0C91BC942}") = "Pop", "PopSeq\PopSeq.vcxproj", "{798320B5-E4AD-4EF4-947A-C7E08CAEC6CB}"
EndProject
Project("{8BC9CEB8-8B4A-11D0-8D11-00A0C91BC942}") = "QuickSort", "QuickSort\QuickSort.vcxproj", "{B93A658E-17A5-475F-8053-8B4E161BC99F}"
EndProject
Global
	GlobalSection(SolutionConfigurationPlatforms) = preSolution
		Debug|x64 = Debug|x64
		Debug|x86 = Debug|x86
		Release|x64 = Release|x64
		Release|x86 = Release|x86
	EndGlobalSection
	GlobalSection(ProjectConfigurationPlatforms) = postSolution
		{A9EEBACE-70A2-4570-B049-F63E4FA8AF9B}.Debug|x64.ActiveCfg = Debug|x64
		{A9EEBACE-70A2-4570-B049-F63E4FA8AF9B}.Debug|x64.Build.0 = Debug|x64
		{A9EEBACE-70A2-4570-B049-F63E4FA8AF9B}.Debug|x86.ActiveCfg = Debug|Win32
		{A9EEBACE-70A2-4570-B049-F63E4FA8AF9B}.Debug|x86.Build.0 = Debug|Win32
		{A9EEBACE-70A2-4570-B049-F63E4FA8AF9B}.Release|x64.ActiveCfg = Release|x64
		{A9EEBACE-70A2-4570-B049-F63E4FA8AF9B}.Release|x64.Build.0 = Release|x64
		{A9EEBACE-70A2-4570-B049-F63E4FA8AF9B}.Release|x86.ActiveCfg = Release|Win32
		{A9EEBACE-70A2-4570-B049-F63E4FA8AF9B}.Release|x86.Build.0 = Release|Win32
		{945D0BCA-FB39-4D82-8981-258E378B97C6}.Debug|x64.ActiveCfg = Debug|x64
		{945D0BCA-FB39-4D82-8981-258E378B97C6}.Debug|x64.Build.0 = Debug|x64
		{945D0BCA-FB39-4D82-8981-258E378B97C6}.Debug|x86.ActiveCfg = Debug|Win32
		{945D0BCA-FB39-4D82-8981-258E378B97C6}.Debug|x86.Build.0 = Debug|Win32
		{945D0BCA-FB39-4D82-8981-258E378B97C6}.Release|x64.ActiveCfg = Release|x64
		{945D0BCA-FB39-4D82-8981-258E378B97C6}.Release|x64.Build.0 = Release|x64
		{945D0BCA-FB39-4D82-8981-258E378B97C6}.Release|x86.ActiveCfg = Release|Win32
		{945D0BCA-FB39-4D82-8981-258E378B97C6}.Release|x86.Build.0 = Release|Win32
		{1D89E148-ED04-49EA-83A4-4AD38E9E78C0}.Debug|x64.ActiveCfg = Debug|x64
		{1D89E148-ED04-49EA-83A4-4AD38E9E78C0}.Debug|x64.Build.0 = Debug|x64
		{1D89E148-ED04-49EA-83A4-4AD38E9E78C0}.Debug|x86.ActiveCfg = Debug|Win32
		{1D89E148-ED04-49EA-83A4-4AD38E9E78C0}.Debug|x86.Build.0 = Debug|Win32
		{1D89E148-ED04-49EA-83A4-4AD38E9E78C0}.Release|x64.ActiveCfg = Release|x64
		{1D89E148-ED04-49EA-83A4-4AD38E9E78C0}.Release|x64.Build.0 = Release|x64
		{1D89E148-ED04-49EA-83A4-4AD38E9E78C0}.Release|x86.ActiveCfg = Release|Win32
		{1D89E148-ED04-49EA-83A4-4AD38E9E78C0}.Release|x86.Build.0 = Release|Win32
		{561F40D8-E30B-498B-8E03-F14166774565}.Debug|x64.ActiveCfg = Debug|x64
		{561F40D8-E30B-498B-8E03-F14166774565}.Debug|x64.Build.0 = Debug|x64
		{561F40D8-E30B-498B-8E03-F14166774565}.Debug|x86.ActiveCfg = Debug|Win32
		{561F40D8-E30B-498B-8E03-F14166774565}.Debug|x86.Build.0 = Debug|Win32
		{561F40D8-E30B-498B-8E03-F14166774565}.Release|x64.ActiveCfg = Release|x64
		{561F40D8-E30B-498B-8E03-F14166774565}.Release|x64.Build.0 = Release|x64
		{561F40D8-E30B-498B-8E03-F14166774565}.Release|x86.ActiveCfg = Release|Win32
		{561F40D8-E30B-498B-8E03-F14166774565}.Release|x86.Build.0 = Release|Win32
		{0638748A-CE53-4E10-9E79-AAC07F7966B9}.Debug|x64.ActiveCfg = Debug|x64
		{0638748A-CE53-4E10-9E79-AAC07F7966B9}.Debug|x64.Build.0 = Debug|x64
		{0638748A-CE53-4E10-9E79-AAC07F7966B9}.Debug|x86.ActiveCfg = Debug|Win32
		{0638748A-CE53-4E10-9E79-AAC07F7966B9}.Debug|x86.Build.0 = Debug|Win32
		{0638748A-CE53-4E10-9E79-AAC07F7966B9}.Release|x64.ActiveCfg = Release|x64
		{0638748A-CE53-4E10-9E79-AAC07F7966B9}.Release|x64.Build.0 = Release|x64
		{0638748A-CE53-4E10-9E79-AAC07F7966B9}.Release|x86.ActiveCfg = Release|Win32
		{0638748A-CE53-4E10-9E79-AAC07F7966B9}.Release|x86.Build.0 = Release|Win32
		{767121C5-C359-4B07-9FBB-AF1783C11E4F}.Debug|x64.ActiveCfg = Debug|x64
		{767121C5-C359-4B07-9FBB-AF1783C11E4F}.Debug|x64.Build.0 = Debug|x64
		{767121C5-C359-4B07-9FBB-AF1783C11E4F}.Debug|x86.ActiveCfg = Debug|Win32
		{767121C5-C359-4B07-9FBB-AF1783C11E4F}.Debug|x86.Build.0 = Debug|Win32
		{767121C5-C359-4B07-9FBB-AF1783C11E4F}.Release|x64.ActiveCfg = Release|x64
		{767121C5-C359-4B07-9FBB-AF1783C11E4F}.Release|x64.Build.0 = Release|x64
		{767121C5-C359-4B07-9FBB-AF1783C11E4F}.Release|x86.ActiveCfg = Release|Win32
		{767121C5-C359-4B07-9FBB-AF1783C11E4F}.Release|x86.Build.0 = Release|Win32
		{B6208BA0-AFBF-4C85-B385-F7DEA3E7560C}.Debug|x64.ActiveCfg = Debug|x64
		{B6208BA0-AFBF-4C85-B385-F7DEA3E7560C}.Debug|x64.Build.0 = Debug|x64
		{B6208BA0-AFBF-4C85-B385-F7DEA3E7560C}.Debug|x86.ActiveCfg = Debug|Win32
		{B6208BA0-AFBF-4C85-B385-F7DEA3E7560C}.Debug|x86.Build.0 = Debug|Win32
		{B6208BA0-AFBF-4C85-B385-F7DEA3E7560C}.Release|x64.ActiveCfg = Release|x64
		{B6208BA0-AFBF-4C85-B385-F7DEA3E7560C}.Release|x64.Build.0 = Release|x64
		{B6208BA0-AFBF-4C85-B385-F7DEA3E7560C}.Release|x86.ActiveCfg = Release|Win32
		{B6208BA0-AFBF-4C85-B385-F7DEA3E7560C}.Release|x86.Build.0 = Release|Win32
		{443291C4-4327-442C-B0E8-7E0F6A687DFE}.Debug|x64.ActiveCfg = Debug|x64
		{443291C4-4327-442C-B0E8-7E0F6A687DFE}.Debug|x64.Build.0 = Debug|x64
		{443291C4-4327-442C-B0E8-7E0F6A687DFE}.Debug|x86.ActiveCfg = Debug|Win32
		{443291C4-4327-442C-B0E8-7E0F6A687DFE}.Debug|x86.Build.0 = Debug|Win32
		{443291C4-4327-442C-B0E8-7E0F6A687DFE}.Release|x64.ActiveCfg = Release|x64
		{443291C4-4327-442C-B0E8-7E0F6A687DFE}.Release|x64.Build.0 = Release|x64
		{443291C4-4327-442C-B0E8-7E0F6A687DFE}.Release|x86.ActiveCfg = Release|Win32
		{443291C4-4327-442C-B0E8-7E0F6A687DFE}.Release|x86.Build.0 = Release|Win32
		{C251CDC0-D986-45F6-83D9-43061D2E13EF}.Debug|x64.ActiveCfg = Debug|x64
		{C251CDC0-D986-45F6-83D9-43061D2E13EF}.Debug|x64.Build.0 = Debug|x64
		{C251CDC0-D986-45F6-83D9-43061D2E13EF}.Debug|x86.ActiveCfg = Debug|Win32
		{C251CDC0-D986-45F6-83D9-43061D2E13EF}.Debug|x86.Build.0 = Debug|Win32
		{C251CDC0-D986-45F6-83D9-43061D2E13EF}.Release|x64.ActiveCfg = Release|x64
		{C251CDC0-D986-45F6-83D9-43061D2E13EF}.Release|x64.Build.0 = Release|x64
		{C251CDC0-D986-45F6-83D9-43061D2E13EF}.Release|x86.ActiveCfg = Release|Win32
		{C251CDC0-D986-45F6-83D9-43061D2E13EF}.Release|x86.Build.0 = Release|Win32
		{798320B5-E4AD-4EF4-947A-C7E08CAEC6CB}.Debug|x64.ActiveCfg = Debug|x64
		{798320B5-E4AD-4EF4-947A-C7E08CAEC6CB}.Debug|x64.Build.0 = Debug|x64
		{798320B5-E4AD-4EF4-947A-C7E08CAEC6CB}.Debug|x86.ActiveCfg = Debug|Win32
		{798320B5-E4AD-4EF4-947A-C7E08CAEC6CB}.Debug|x86.Build.0 = Debug|Win32
		{798320B5-E4AD-4EF4-947A-C7E08CAEC6CB}.Release|x64.ActiveCfg = Release|x64
		{798320B5-E4AD-4EF4-947A-C7E08CAEC6CB}.Release|x64.Build.0 = Release|x64
		{798320B5-E4AD-4EF4-947A-C7E08CAEC6CB}.Release|x86.ActiveCfg = Release|Win32
		{798320B5-E4AD-4EF4-947A-C7E08CAEC6CB}.Release|x86.Build.0 = Release|Win32
		{B93A658E-17A5-475F-8053-8B4E161BC99F}.Debug|x64.ActiveCfg = Debug|x64
		{B93A658E-17A5-475F-8053-8B4E161BC99F}.Debug|x64.Build.0 = Debug|x64
		{B93A658E-17A5-475F-8053-8B4E161BC99F}.Debug|x86.ActiveCfg = Debug|Win32
		{B93A658E-17A5-475F-8053-8B4E161BC99F}.Debug|x86.Build.0 = Debug|Win32
		{B93A658E-17A5-475F-8053-8B4E161BC99F}.Release|x64.ActiveCfg = Release|x64
		{B93A658E-17A5-475F-8053-8B4E161BC99F}.Release|x64.Build.0 = Release|x64
		{B93A658E-17A5-475F-8053-8B4E161BC99F}.Release|x86.ActiveCfg = Release|Win32
		{B93A658E-17A5-475F-8053-8B4E161BC99F}.Release|x86.Build.0 = Release|Win32
	EndGlobalSection
	GlobalSection(SolutionProperties) = preSolution
		HideSolutionNode = FALSE
	EndGlobalSection
EndGlobal
